
Microsoft Visual Studio Solution File, Format Version 12.00
# Visual Studio Version 17
VisualStudioVersion = 17.0.32112.339
MinimumVisualStudioVersion = 10.0.40219.1
Project("{FAE04EC0-301F-11D3-BF4B-00C04F79EFBC}") = "RevitAPITraining_lab2.1", "RevitAPITraining_lab2.1\RevitAPITraining_lab2.1.csproj", "{15416716-CE11-4434-82C6-B9BB03ED8DB6}"
EndProject
Global
	GlobalSection(SolutionConfigurationPlatforms) = preSolution
		Debug|Any CPU = Debug|Any CPU
		Release|Any CPU = Release|Any CPU
	EndGlobalSection
	GlobalSection(ProjectConfigurationPlatforms) = postSolution
		{15416716-CE11-4434-82C6-B9BB03ED8DB6}.Debug|Any CPU.ActiveCfg = Debug|Any CPU
		{15416716-CE11-4434-82C6-B9BB03ED8DB6}.Debug|Any CPU.Build.0 = Debug|Any CPU
		{15416716-CE11-4434-82C6-B9BB03ED8DB6}.Release|Any CPU.ActiveCfg = Release|Any CPU
		{15416716-CE11-4434-82C6-B9BB03ED8DB6}.Release|Any CPU.Build.0 = Release|Any CPU
	EndGlobalSection
	GlobalSection(SolutionProperties) = preSolution
		HideSolutionNode = FALSE
	EndGlobalSection
	GlobalSection(ExtensibilityGlobals) = postSolution
		SolutionGuid = {15542DE3-667D-4361-A7F8-802735820ED0}
	EndGlobalSection
EndGlobal
